// !$*UTF8*$!
{
	archiveVersion = 1;
	classes = {
	};
	objectVersion = 46;
	objects = {

/* Begin PBXBuildFile section */
		CC59DBE65E9BD7BBB583E5B7 /* Pods.framework in Frameworks */ = {isa = PBXBuildFile; fileRef = 62BEC2F89A21428580AE302D /* Pods.framework */; };
		DA1AD7201C585F3100458E2F /* DestinationTableViewCell.swift in Sources */ = {isa = PBXBuildFile; fileRef = DA1AD71F1C585F3100458E2F /* DestinationTableViewCell.swift */; };
		DA3AEEEA1CA2D7FF00405848 /* LoginViewController.swift in Sources */ = {isa = PBXBuildFile; fileRef = DA3AEEE91CA2D7FF00405848 /* LoginViewController.swift */; };
		DA464EF31C624494007FF204 /* LocationTableViewController.swift in Sources */ = {isa = PBXBuildFile; fileRef = DA464EF21C624494007FF204 /* LocationTableViewController.swift */; };
		DA4BA4E81CA582CF00EEBEB7 /* Crypto.m in Sources */ = {isa = PBXBuildFile; fileRef = DA4BA4E71CA582CF00EEBEB7 /* Crypto.m */; };
		DA4BA4EC1CA58A8D00EEBEB7 /* DeveloperAuthenticatedIdentityProvider.m in Sources */ = {isa = PBXBuildFile; fileRef = DA4BA4EB1CA58A8D00EEBEB7 /* DeveloperAuthenticatedIdentityProvider.m */; };
		DA4BA4EF1CA58AD400EEBEB7 /* DeveloperAuthenticationClient.m in Sources */ = {isa = PBXBuildFile; fileRef = DA4BA4EE1CA58AD400EEBEB7 /* DeveloperAuthenticationClient.m */; };
		DA4CC7C11C58920B00F5A079 /* DestinationTableViewController.swift in Sources */ = {isa = PBXBuildFile; fileRef = DA4CC7C01C58920B00F5A079 /* DestinationTableViewController.swift */; };
		DA4CC7C31C59137E00F5A079 /* LocationTableViewCell.swift in Sources */ = {isa = PBXBuildFile; fileRef = DA4CC7C21C59137E00F5A079 /* LocationTableViewCell.swift */; };
		DA7527C81C4D323D00679032 /* MapKit.framework in Frameworks */ = {isa = PBXBuildFile; fileRef = DA7527C71C4D323D00679032 /* MapKit.framework */; };
		DA7527CA1C4D692200679032 /* Notes.rtf in Resources */ = {isa = PBXBuildFile; fileRef = DA7527C91C4D692200679032 /* Notes.rtf */; };
		DA7527CC1C4D928700679032 /* Destination.swift in Sources */ = {isa = PBXBuildFile; fileRef = DA7527CB1C4D928700679032 /* Destination.swift */; };
		DA7527CD1C4D928700679032 /* Destination.swift in Sources */ = {isa = PBXBuildFile; fileRef = DA7527CB1C4D928700679032 /* Destination.swift */; };
		DA9B9EB61C4C0D1100B107D5 /* AppDelegate.swift in Sources */ = {isa = PBXBuildFile; fileRef = DA9B9EB51C4C0D1100B107D5 /* AppDelegate.swift */; };
		DA9B9EB81C4C0D1100B107D5 /* DestinationViewController.swift in Sources */ = {isa = PBXBuildFile; fileRef = DA9B9EB71C4C0D1100B107D5 /* DestinationViewController.swift */; };
		DA9B9EBD1C4C0D1100B107D5 /* Assets.xcassets in Resources */ = {isa = PBXBuildFile; fileRef = DA9B9EBC1C4C0D1100B107D5 /* Assets.xcassets */; };
		DA9B9EC01C4C0D1100B107D5 /* LaunchScreen.storyboard in Resources */ = {isa = PBXBuildFile; fileRef = DA9B9EBE1C4C0D1100B107D5 /* LaunchScreen.storyboard */; };
		DAD079F51C7CA90B00D20065 /* Main.storyboard in Resources */ = {isa = PBXBuildFile; fileRef = DAD079F41C7CA90B00D20065 /* Main.storyboard */; };
		DAF5B80A1CA43CBA0008BA95 /* AmazonClientManager.swift in Sources */ = {isa = PBXBuildFile; fileRef = DAF5B8091CA43CBA0008BA95 /* AmazonClientManager.swift */; };
		DAF5B80C1CA43CFE0008BA95 /* Constants.swift in Sources */ = {isa = PBXBuildFile; fileRef = DAF5B80B1CA43CFE0008BA95 /* Constants.swift */; };
/* End PBXBuildFile section */

/* Begin PBXContainerItemProxy section */
		DA9B9EC71C4C0D1100B107D5 /* PBXContainerItemProxy */ = {
			isa = PBXContainerItemProxy;
			containerPortal = DA9B9EAA1C4C0D1100B107D5 /* Project object */;
			proxyType = 1;
			remoteGlobalIDString = DA9B9EB11C4C0D1100B107D5;
			remoteInfo = TimeToLeave;
		};
/* End PBXContainerItemProxy section */

/* Begin PBXFileReference section */
		62BEC2F89A21428580AE302D /* Pods.framework */ = {isa = PBXFileReference; explicitFileType = wrapper.framework; includeInIndex = 0; path = Pods.framework; sourceTree = BUILT_PRODUCTS_DIR; };
		851869870E1B53F81D67C06C /* Pods.debug.xcconfig */ = {isa = PBXFileReference; includeInIndex = 1; lastKnownFileType = text.xcconfig; name = Pods.debug.xcconfig; path = "Pods/Target Support Files/Pods/Pods.debug.xcconfig"; sourceTree = "<group>"; };
		DA1AD71F1C585F3100458E2F /* DestinationTableViewCell.swift */ = {isa = PBXFileReference; fileEncoding = 4; lastKnownFileType = sourcecode.swift; path = DestinationTableViewCell.swift; sourceTree = "<group>"; };
		DA3AEEE91CA2D7FF00405848 /* LoginViewController.swift */ = {isa = PBXFileReference; fileEncoding = 4; lastKnownFileType = sourcecode.swift; path = LoginViewController.swift; sourceTree = "<group>"; };
		DA464EF21C624494007FF204 /* LocationTableViewController.swift */ = {isa = PBXFileReference; fileEncoding = 4; lastKnownFileType = sourcecode.swift; path = LocationTableViewController.swift; sourceTree = "<group>"; };
		DA4BA4E71CA582CF00EEBEB7 /* Crypto.m */ = {isa = PBXFileReference; fileEncoding = 4; lastKnownFileType = sourcecode.c.objc; path = Crypto.m; sourceTree = "<group>"; };
		DA4BA4E91CA5830500EEBEB7 /* Crypto.h */ = {isa = PBXFileReference; lastKnownFileType = sourcecode.c.h; path = Crypto.h; sourceTree = "<group>"; };
		DA4BA4EA1CA58A5400EEBEB7 /* DeveloperAuthenticatedIdentityProvider.h */ = {isa = PBXFileReference; lastKnownFileType = sourcecode.c.h; path = DeveloperAuthenticatedIdentityProvider.h; sourceTree = "<group>"; };
		DA4BA4EB1CA58A8D00EEBEB7 /* DeveloperAuthenticatedIdentityProvider.m */ = {isa = PBXFileReference; fileEncoding = 4; lastKnownFileType = sourcecode.c.objc; path = DeveloperAuthenticatedIdentityProvider.m; sourceTree = "<group>"; };
		DA4BA4ED1CA58AB500EEBEB7 /* DeveloperAuthenticationClient.h */ = {isa = PBXFileReference; lastKnownFileType = sourcecode.c.h; path = DeveloperAuthenticationClient.h; sourceTree = "<group>"; };
		DA4BA4EE1CA58AD400EEBEB7 /* DeveloperAuthenticationClient.m */ = {isa = PBXFileReference; fileEncoding = 4; lastKnownFileType = sourcecode.c.objc; path = DeveloperAuthenticationClient.m; sourceTree = "<group>"; };
		DA4CC7C01C58920B00F5A079 /* DestinationTableViewController.swift */ = {isa = PBXFileReference; fileEncoding = 4; lastKnownFileType = sourcecode.swift; path = DestinationTableViewController.swift; sourceTree = "<group>"; };
		DA4CC7C21C59137E00F5A079 /* LocationTableViewCell.swift */ = {isa = PBXFileReference; fileEncoding = 4; lastKnownFileType = sourcecode.swift; path = LocationTableViewCell.swift; sourceTree = "<group>"; };
		DA7527C71C4D323D00679032 /* MapKit.framework */ = {isa = PBXFileReference; lastKnownFileType = wrapper.framework; name = MapKit.framework; path = System/Library/Frameworks/MapKit.framework; sourceTree = SDKROOT; };
		DA7527C91C4D692200679032 /* Notes.rtf */ = {isa = PBXFileReference; fileEncoding = 4; lastKnownFileType = text.rtf; path = Notes.rtf; sourceTree = "<group>"; };
		DA7527CB1C4D928700679032 /* Destination.swift */ = {isa = PBXFileReference; fileEncoding = 4; lastKnownFileType = sourcecode.swift; path = Destination.swift; sourceTree = "<group>"; };
		DA85BE091CA19991009B7732 /* TimeToLeave-Bridging-Header.h */ = {isa = PBXFileReference; lastKnownFileType = sourcecode.c.h; path = "TimeToLeave-Bridging-Header.h"; sourceTree = "<group>"; };
		DA9B9EB21C4C0D1100B107D5 /* TimeToLeave.app */ = {isa = PBXFileReference; explicitFileType = wrapper.application; includeInIndex = 0; path = TimeToLeave.app; sourceTree = BUILT_PRODUCTS_DIR; };
		DA9B9EB51C4C0D1100B107D5 /* AppDelegate.swift */ = {isa = PBXFileReference; lastKnownFileType = sourcecode.swift; path = AppDelegate.swift; sourceTree = "<group>"; };
		DA9B9EB71C4C0D1100B107D5 /* DestinationViewController.swift */ = {isa = PBXFileReference; lastKnownFileType = sourcecode.swift; path = DestinationViewController.swift; sourceTree = "<group>"; };
		DA9B9EBC1C4C0D1100B107D5 /* Assets.xcassets */ = {isa = PBXFileReference; lastKnownFileType = folder.assetcatalog; path = Assets.xcassets; sourceTree = "<group>"; };
		DA9B9EBF1C4C0D1100B107D5 /* Base */ = {isa = PBXFileReference; lastKnownFileType = file.storyboard; name = Base; path = Base.lproj/LaunchScreen.storyboard; sourceTree = "<group>"; };
		DA9B9EC11C4C0D1100B107D5 /* Info.plist */ = {isa = PBXFileReference; lastKnownFileType = text.plist.xml; path = Info.plist; sourceTree = "<group>"; };
		DA9B9EC61C4C0D1100B107D5 /* TimeToLeaveTests.xctest */ = {isa = PBXFileReference; explicitFileType = wrapper.cfbundle; includeInIndex = 0; path = TimeToLeaveTests.xctest; sourceTree = BUILT_PRODUCTS_DIR; };
		DA9B9ECC1C4C0D1100B107D5 /* Info.plist */ = {isa = PBXFileReference; lastKnownFileType = text.plist.xml; path = Info.plist; sourceTree = "<group>"; };
		DAD079F41C7CA90B00D20065 /* Main.storyboard */ = {isa = PBXFileReference; fileEncoding = 4; lastKnownFileType = file.storyboard; path = Main.storyboard; sourceTree = "<group>"; };
		DAF5B8091CA43CBA0008BA95 /* AmazonClientManager.swift */ = {isa = PBXFileReference; fileEncoding = 4; lastKnownFileType = sourcecode.swift; path = AmazonClientManager.swift; sourceTree = "<group>"; };
		DAF5B80B1CA43CFE0008BA95 /* Constants.swift */ = {isa = PBXFileReference; fileEncoding = 4; lastKnownFileType = sourcecode.swift; path = Constants.swift; sourceTree = "<group>"; };
		FADC055493FB94DA54A248E7 /* Pods.release.xcconfig */ = {isa = PBXFileReference; includeInIndex = 1; lastKnownFileType = text.xcconfig; name = Pods.release.xcconfig; path = "Pods/Target Support Files/Pods/Pods.release.xcconfig"; sourceTree = "<group>"; };
/* End PBXFileReference section */

/* Begin PBXFrameworksBuildPhase section */
		DA9B9EAF1C4C0D1100B107D5 /* Frameworks */ = {
			isa = PBXFrameworksBuildPhase;
			buildActionMask = 2147483647;
			files = (
				DA7527C81C4D323D00679032 /* MapKit.framework in Frameworks */,
				CC59DBE65E9BD7BBB583E5B7 /* Pods.framework in Frameworks */,
			);
			runOnlyForDeploymentPostprocessing = 0;
		};
		DA9B9EC31C4C0D1100B107D5 /* Frameworks */ = {
			isa = PBXFrameworksBuildPhase;
			buildActionMask = 2147483647;
			files = (
			);
			runOnlyForDeploymentPostprocessing = 0;
		};
/* End PBXFrameworksBuildPhase section */

/* Begin PBXGroup section */
		6F041AB00D14F3FFCF491E54 /* Frameworks */ = {
			isa = PBXGroup;
			children = (
				62BEC2F89A21428580AE302D /* Pods.framework */,
			);
			name = Frameworks;
			sourceTree = "<group>";
		};
		BE21E6CB632FAB6F98D09F7F /* Pods */ = {
			isa = PBXGroup;
			children = (
				851869870E1B53F81D67C06C /* Pods.debug.xcconfig */,
				FADC055493FB94DA54A248E7 /* Pods.release.xcconfig */,
			);
			name = Pods;
			sourceTree = "<group>";
		};
		DA4BA4E61CA5829700EEBEB7 /* DeveloperAuthenticated */ = {
			isa = PBXGroup;
			children = (
				DA4BA4E71CA582CF00EEBEB7 /* Crypto.m */,
				DA4BA4E91CA5830500EEBEB7 /* Crypto.h */,
				DA4BA4EA1CA58A5400EEBEB7 /* DeveloperAuthenticatedIdentityProvider.h */,
				DA4BA4EB1CA58A8D00EEBEB7 /* DeveloperAuthenticatedIdentityProvider.m */,
				DA4BA4ED1CA58AB500EEBEB7 /* DeveloperAuthenticationClient.h */,
				DA4BA4EE1CA58AD400EEBEB7 /* DeveloperAuthenticationClient.m */,
			);
			name = DeveloperAuthenticated;
			sourceTree = "<group>";
		};
		DA9B9EA91C4C0D1100B107D5 = {
			isa = PBXGroup;
			children = (
				DA7527C71C4D323D00679032 /* MapKit.framework */,
				DA9B9EB41C4C0D1100B107D5 /* TimeToLeave */,
				DA9B9EC91C4C0D1100B107D5 /* TimeToLeaveTests */,
				DA9B9EB31C4C0D1100B107D5 /* Products */,
				BE21E6CB632FAB6F98D09F7F /* Pods */,
				6F041AB00D14F3FFCF491E54 /* Frameworks */,
			);
			sourceTree = "<group>";
		};
		DA9B9EB31C4C0D1100B107D5 /* Products */ = {
			isa = PBXGroup;
			children = (
				DA9B9EB21C4C0D1100B107D5 /* TimeToLeave.app */,
				DA9B9EC61C4C0D1100B107D5 /* TimeToLeaveTests.xctest */,
			);
			name = Products;
			sourceTree = "<group>";
		};
		DA9B9EB41C4C0D1100B107D5 /* TimeToLeave */ = {
			isa = PBXGroup;
			children = (
				DA9B9EB51C4C0D1100B107D5 /* AppDelegate.swift */,
				DA85BE091CA19991009B7732 /* TimeToLeave-Bridging-Header.h */,
				DAD079F41C7CA90B00D20065 /* Main.storyboard */,
				DA3AEEE91CA2D7FF00405848 /* LoginViewController.swift */,
				DAF5B8091CA43CBA0008BA95 /* AmazonClientManager.swift */,
				DAF5B80B1CA43CFE0008BA95 /* Constants.swift */,
				DA4CC7C01C58920B00F5A079 /* DestinationTableViewController.swift */,
				DA1AD71F1C585F3100458E2F /* DestinationTableViewCell.swift */,
				DA464EF21C624494007FF204 /* LocationTableViewController.swift */,
				DA4CC7C21C59137E00F5A079 /* LocationTableViewCell.swift */,
				DA9B9EB71C4C0D1100B107D5 /* DestinationViewController.swift */,
				DA7527CB1C4D928700679032 /* Destination.swift */,
				DA7527C91C4D692200679032 /* Notes.rtf */,
				DA9B9EBC1C4C0D1100B107D5 /* Assets.xcassets */,
				DA4BA4E61CA5829700EEBEB7 /* DeveloperAuthenticated */,
				DA9B9EBE1C4C0D1100B107D5 /* LaunchScreen.storyboard */,
				DA9B9EC11C4C0D1100B107D5 /* Info.plist */,
			);
			path = TimeToLeave;
			sourceTree = "<group>";
		};
		DA9B9EC91C4C0D1100B107D5 /* TimeToLeaveTests */ = {
			isa = PBXGroup;
			children = (
				DA9B9ECC1C4C0D1100B107D5 /* Info.plist */,
			);
			path = TimeToLeaveTests;
			sourceTree = "<group>";
		};
/* End PBXGroup section */

/* Begin PBXNativeTarget section */
		DA9B9EB11C4C0D1100B107D5 /* TimeToLeave */ = {
			isa = PBXNativeTarget;
			buildConfigurationList = DA9B9ECF1C4C0D1100B107D5 /* Build configuration list for PBXNativeTarget "TimeToLeave" */;
			buildPhases = (
				1D4C398525E4A05CF5B2BB92 /* Check Pods Manifest.lock */,
				DA9B9EAE1C4C0D1100B107D5 /* Sources */,
				DA9B9EAF1C4C0D1100B107D5 /* Frameworks */,
				DA9B9EB01C4C0D1100B107D5 /* Resources */,
				00D63AB9E098664862F69E08 /* Embed Pods Frameworks */,
				B8655AC1C4610401FDE44836 /* Copy Pods Resources */,
			);
			buildRules = (
			);
			dependencies = (
			);
			name = TimeToLeave;
			productName = TimeToLeave;
			productReference = DA9B9EB21C4C0D1100B107D5 /* TimeToLeave.app */;
			productType = "com.apple.product-type.application";
		};
		DA9B9EC51C4C0D1100B107D5 /* TimeToLeaveTests */ = {
			isa = PBXNativeTarget;
			buildConfigurationList = DA9B9ED21C4C0D1100B107D5 /* Build configuration list for PBXNativeTarget "TimeToLeaveTests" */;
			buildPhases = (
				DA9B9EC21C4C0D1100B107D5 /* Sources */,
				DA9B9EC31C4C0D1100B107D5 /* Frameworks */,
				DA9B9EC41C4C0D1100B107D5 /* Resources */,
			);
			buildRules = (
			);
			dependencies = (
				DA9B9EC81C4C0D1100B107D5 /* PBXTargetDependency */,
			);
			name = TimeToLeaveTests;
			productName = TimeToLeaveTests;
			productReference = DA9B9EC61C4C0D1100B107D5 /* TimeToLeaveTests.xctest */;
			productType = "com.apple.product-type.bundle.unit-test";
		};
/* End PBXNativeTarget section */

/* Begin PBXProject section */
		DA9B9EAA1C4C0D1100B107D5 /* Project object */ = {
			isa = PBXProject;
			attributes = {
				LastSwiftUpdateCheck = 0720;
				LastUpgradeCheck = 0720;
				ORGANIZATIONNAME = "Paul Krakow";
				TargetAttributes = {
					DA9B9EB11C4C0D1100B107D5 = {
						CreatedOnToolsVersion = 7.2;
						SystemCapabilities = {
							com.apple.BackgroundModes = {
								enabled = 1;
							};
							com.apple.Maps.iOS = {
								enabled = 1;
							};
						};
					};
					DA9B9EC51C4C0D1100B107D5 = {
						CreatedOnToolsVersion = 7.2;
						TestTargetID = DA9B9EB11C4C0D1100B107D5;
					};
				};
			};
			buildConfigurationList = DA9B9EAD1C4C0D1100B107D5 /* Build configuration list for PBXProject "TimeToLeave" */;
			compatibilityVersion = "Xcode 3.2";
			developmentRegion = English;
			hasScannedForEncodings = 0;
			knownRegions = (
				en,
				Base,
			);
			mainGroup = DA9B9EA91C4C0D1100B107D5;
			productRefGroup = DA9B9EB31C4C0D1100B107D5 /* Products */;
			projectDirPath = "";
			projectRoot = "";
			targets = (
				DA9B9EB11C4C0D1100B107D5 /* TimeToLeave */,
				DA9B9EC51C4C0D1100B107D5 /* TimeToLeaveTests */,
			);
		};
/* End PBXProject section */

/* Begin PBXResourcesBuildPhase section */
		DA9B9EB01C4C0D1100B107D5 /* Resources */ = {
			isa = PBXResourcesBuildPhase;
			buildActionMask = 2147483647;
			files = (
				DA7527CA1C4D692200679032 /* Notes.rtf in Resources */,
				DA9B9EC01C4C0D1100B107D5 /* LaunchScreen.storyboard in Resources */,
				DA9B9EBD1C4C0D1100B107D5 /* Assets.xcassets in Resources */,
				DAD079F51C7CA90B00D20065 /* Main.storyboard in Resources */,
			);
			runOnlyForDeploymentPostprocessing = 0;
		};
		DA9B9EC41C4C0D1100B107D5 /* Resources */ = {
			isa = PBXResourcesBuildPhase;
			buildActionMask = 2147483647;
			files = (
			);
			runOnlyForDeploymentPostprocessing = 0;
		};
/* End PBXResourcesBuildPhase section */

/* Begin PBXShellScriptBuildPhase section */
		00D63AB9E098664862F69E08 /* Embed Pods Frameworks */ = {
			isa = PBXShellScriptBuildPhase;
			buildActionMask = 2147483647;
			files = (
			);
			inputPaths = (
			);
			name = "Embed Pods Frameworks";
			outputPaths = (
			);
			runOnlyForDeploymentPostprocessing = 0;
			shellPath = /bin/sh;
			shellScript = "\"${SRCROOT}/Pods/Target Support Files/Pods/Pods-frameworks.sh\"\n";
			showEnvVarsInLog = 0;
		};
		1D4C398525E4A05CF5B2BB92 /* Check Pods Manifest.lock */ = {
			isa = PBXShellScriptBuildPhase;
			buildActionMask = 2147483647;
			files = (
			);
			inputPaths = (
			);
			name = "Check Pods Manifest.lock";
			outputPaths = (
			);
			runOnlyForDeploymentPostprocessing = 0;
			shellPath = /bin/sh;
			shellScript = "diff \"${PODS_ROOT}/../Podfile.lock\" \"${PODS_ROOT}/Manifest.lock\" > /dev/null\nif [[ $? != 0 ]] ; then\n    cat << EOM\nerror: The sandbox is not in sync with the Podfile.lock. Run 'pod install' or update your CocoaPods installation.\nEOM\n    exit 1\nfi\n";
			showEnvVarsInLog = 0;
		};
		B8655AC1C4610401FDE44836 /* Copy Pods Resources */ = {
			isa = PBXShellScriptBuildPhase;
			buildActionMask = 2147483647;
			files = (
			);
			inputPaths = (
			);
			name = "Copy Pods Resources";
			outputPaths = (
			);
			runOnlyForDeploymentPostprocessing = 0;
			shellPath = /bin/sh;
			shellScript = "\"${SRCROOT}/Pods/Target Support Files/Pods/Pods-resources.sh\"\n";
			showEnvVarsInLog = 0;
		};
/* End PBXShellScriptBuildPhase section */

/* Begin PBXSourcesBuildPhase section */
		DA9B9EAE1C4C0D1100B107D5 /* Sources */ = {
			isa = PBXSourcesBuildPhase;
			buildActionMask = 2147483647;
			files = (
				DA4CC7C31C59137E00F5A079 /* LocationTableViewCell.swift in Sources */,
				DA4BA4EC1CA58A8D00EEBEB7 /* DeveloperAuthenticatedIdentityProvider.m in Sources */,
				DA9B9EB81C4C0D1100B107D5 /* DestinationViewController.swift in Sources */,
				DA4BA4EF1CA58AD400EEBEB7 /* DeveloperAuthenticationClient.m in Sources */,
				DA4BA4E81CA582CF00EEBEB7 /* Crypto.m in Sources */,
				DA9B9EB61C4C0D1100B107D5 /* AppDelegate.swift in Sources */,
				DA1AD7201C585F3100458E2F /* DestinationTableViewCell.swift in Sources */,
				DA3AEEEA1CA2D7FF00405848 /* LoginViewController.swift in Sources */,
				DAF5B80C1CA43CFE0008BA95 /* Constants.swift in Sources */,
				DA7527CC1C4D928700679032 /* Destination.swift in Sources */,
				DA4CC7C11C58920B00F5A079 /* DestinationTableViewController.swift in Sources */,
				DAF5B80A1CA43CBA0008BA95 /* AmazonClientManager.swift in Sources */,
				DA464EF31C624494007FF204 /* LocationTableViewController.swift in Sources */,
			);
			runOnlyForDeploymentPostprocessing = 0;
		};
		DA9B9EC21C4C0D1100B107D5 /* Sources */ = {
			isa = PBXSourcesBuildPhase;
			buildActionMask = 2147483647;
			files = (
				DA7527CD1C4D928700679032 /* Destination.swift in Sources */,
			);
			runOnlyForDeploymentPostprocessing = 0;
		};
/* End PBXSourcesBuildPhase section */

/* Begin PBXTargetDependency section */
		DA9B9EC81C4C0D1100B107D5 /* PBXTargetDependency */ = {
			isa = PBXTargetDependency;
			target = DA9B9EB11C4C0D1100B107D5 /* TimeToLeave */;
			targetProxy = DA9B9EC71C4C0D1100B107D5 /* PBXContainerItemProxy */;
		};
/* End PBXTargetDependency section */

/* Begin PBXVariantGroup section */
		DA9B9EBE1C4C0D1100B107D5 /* LaunchScreen.storyboard */ = {
			isa = PBXVariantGroup;
			children = (
				DA9B9EBF1C4C0D1100B107D5 /* Base */,
			);
			name = LaunchScreen.storyboard;
			sourceTree = "<group>";
		};
/* End PBXVariantGroup section */

/* Begin XCBuildConfiguration section */
		DA9B9ECD1C4C0D1100B107D5 /* Debug */ = {
			isa = XCBuildConfiguration;
			buildSettings = {
				ALWAYS_SEARCH_USER_PATHS = NO;
				CLANG_CXX_LANGUAGE_STANDARD = "gnu++0x";
				CLANG_CXX_LIBRARY = "libc++";
				CLANG_ENABLE_MODULES = YES;
				CLANG_ENABLE_OBJC_ARC = YES;
				CLANG_WARN_BOOL_CONVERSION = YES;
				CLANG_WARN_CONSTANT_CONVERSION = YES;
				CLANG_WARN_DIRECT_OBJC_ISA_USAGE = YES_ERROR;
				CLANG_WARN_EMPTY_BODY = YES;
				CLANG_WARN_ENUM_CONVERSION = YES;
				CLANG_WARN_INT_CONVERSION = YES;
				CLANG_WARN_OBJC_ROOT_CLASS = YES_ERROR;
				CLANG_WARN_UNREACHABLE_CODE = YES;
				CLANG_WARN__DUPLICATE_METHOD_MATCH = YES;
				"CODE_SIGN_IDENTITY[sdk=iphoneos*]" = "iPhone Developer";
				COPY_PHASE_STRIP = NO;
				DEBUG_INFORMATION_FORMAT = dwarf;
				ENABLE_STRICT_OBJC_MSGSEND = YES;
				ENABLE_TESTABILITY = YES;
				GCC_C_LANGUAGE_STANDARD = gnu99;
				GCC_DYNAMIC_NO_PIC = NO;
				GCC_NO_COMMON_BLOCKS = YES;
				GCC_OPTIMIZATION_LEVEL = 0;
				GCC_PREPROCESSOR_DEFINITIONS = (
					"DEBUG=1",
					"$(inherited)",
				);
				GCC_WARN_64_TO_32_BIT_CONVERSION = YES;
				GCC_WARN_ABOUT_RETURN_TYPE = YES_ERROR;
				GCC_WARN_UNDECLARED_SELECTOR = YES;
				GCC_WARN_UNINITIALIZED_AUTOS = YES_AGGRESSIVE;
				GCC_WARN_UNUSED_FUNCTION = YES;
				GCC_WARN_UNUSED_VARIABLE = YES;
				IPHONEOS_DEPLOYMENT_TARGET = 9.2;
				MTL_ENABLE_DEBUG_INFO = YES;
				ONLY_ACTIVE_ARCH = YES;
				SDKROOT = iphoneos;
				SWIFT_OPTIMIZATION_LEVEL = "-Onone";
				TARGETED_DEVICE_FAMILY = "1,2";
			};
			name = Debug;
		};
		DA9B9ECE1C4C0D1100B107D5 /* Release */ = {
			isa = XCBuildConfiguration;
			buildSettings = {
				ALWAYS_SEARCH_USER_PATHS = NO;
				CLANG_CXX_LANGUAGE_STANDARD = "gnu++0x";
				CLANG_CXX_LIBRARY = "libc++";
				CLANG_ENABLE_MODULES = YES;
				CLANG_ENABLE_OBJC_ARC = YES;
				CLANG_WARN_BOOL_CONVERSION = YES;
				CLANG_WARN_CONSTANT_CONVERSION = YES;
				CLANG_WARN_DIRECT_OBJC_ISA_USAGE = YES_ERROR;
				CLANG_WARN_EMPTY_BODY = YES;
				CLANG_WARN_ENUM_CONVERSION = YES;
				CLANG_WARN_INT_CONVERSION = YES;
				CLANG_WARN_OBJC_ROOT_CLASS = YES_ERROR;
				CLANG_WARN_UNREACHABLE_CODE = YES;
				CLANG_WARN__DUPLICATE_METHOD_MATCH = YES;
				"CODE_SIGN_IDENTITY[sdk=iphoneos*]" = "iPhone Developer";
				COPY_PHASE_STRIP = NO;
				DEBUG_INFORMATION_FORMAT = "dwarf-with-dsym";
				ENABLE_NS_ASSERTIONS = NO;
				ENABLE_STRICT_OBJC_MSGSEND = YES;
				GCC_C_LANGUAGE_STANDARD = gnu99;
				GCC_NO_COMMON_BLOCKS = YES;
				GCC_WARN_64_TO_32_BIT_CONVERSION = YES;
				GCC_WARN_ABOUT_RETURN_TYPE = YES_ERROR;
				GCC_WARN_UNDECLARED_SELECTOR = YES;
				GCC_WARN_UNINITIALIZED_AUTOS = YES_AGGRESSIVE;
				GCC_WARN_UNUSED_FUNCTION = YES;
				GCC_WARN_UNUSED_VARIABLE = YES;
				IPHONEOS_DEPLOYMENT_TARGET = 9.2;
				MTL_ENABLE_DEBUG_INFO = NO;
				SDKROOT = iphoneos;
				TARGETED_DEVICE_FAMILY = "1,2";
				VALIDATE_PRODUCT = YES;
			};
			name = Release;
		};
		DA9B9ED01C4C0D1100B107D5 /* Debug */ = {
			isa = XCBuildConfiguration;
			baseConfigurationReference = 851869870E1B53F81D67C06C /* Pods.debug.xcconfig */;
			buildSettings = {
				ASSETCATALOG_COMPILER_APPICON_NAME = AppIcon;
				ENABLE_BITCODE = NO;
				INFOPLIST_FILE = TimeToLeave/Info.plist;
				LD_RUNPATH_SEARCH_PATHS = "$(inherited) @executable_path/Frameworks";
				PRODUCT_BUNDLE_IDENTIFIER = com.example.TimeToLeave;
				PRODUCT_NAME = "$(TARGET_NAME)";
				SWIFT_OBJC_BRIDGING_HEADER = "TimeToLeave/TimeToLeave-Bridging-Header.h";
			};
			name = Debug;
		};
		DA9B9ED11C4C0D1100B107D5 /* Release */ = {
			isa = XCBuildConfiguration;
			baseConfigurationReference = FADC055493FB94DA54A248E7 /* Pods.release.xcconfig */;
			buildSettings = {
				ASSETCATALOG_COMPILER_APPICON_NAME = AppIcon;
				ENABLE_BITCODE = NO;
				INFOPLIST_FILE = TimeToLeave/Info.plist;
				LD_RUNPATH_SEARCH_PATHS = "$(inherited) @executable_path/Frameworks";
				PRODUCT_BUNDLE_IDENTIFIER = com.example.TimeToLeave;
				PRODUCT_NAME = "$(TARGET_NAME)";
				SWIFT_OBJC_BRIDGING_HEADER = "TimeToLeave/TimeToLeave-Bridging-Header.h";
			};
			name = Release;
		};
		DA9B9ED31C4C0D1100B107D5 /* Debug */ = {
			isa = XCBuildConfiguration;
			buildSettings = {
				BUNDLE_LOADER = "$(TEST_HOST)";
				INFOPLIST_FILE = TimeToLeaveTests/Info.plist;
				LD_RUNPATH_SEARCH_PATHS = "$(inherited) @executable_path/Frameworks @loader_path/Frameworks";
				PRODUCT_BUNDLE_IDENTIFIER = com.example.TimeToLeaveTests;
				PRODUCT_NAME = "$(TARGET_NAME)";
				TEST_HOST = "$(BUILT_PRODUCTS_DIR)/TimeToLeave.app/TimeToLeave";
			};
			name = Debug;
		};
		DA9B9ED41C4C0D1100B107D5 /* Release */ = {
			isa = XCBuildConfiguration;
			buildSettings = {
				BUNDLE_LOADER = "$(TEST_HOST)";
				INFOPLIST_FILE = TimeToLeaveTests/Info.plist;
				LD_RUNPATH_SEARCH_PATHS = "$(inherited) @executable_path/Frameworks @loader_path/Frameworks";
				PRODUCT_BUNDLE_IDENTIFIER = com.example.TimeToLeaveTests;
				PRODUCT_NAME = "$(TARGET_NAME)";
				TEST_HOST = "$(BUILT_PRODUCTS_DIR)/TimeToLeave.app/TimeToLeave";
			};
			name = Release;
		};
/* End XCBuildConfiguration section */

/* Begin XCConfigurationList section */
		DA9B9EAD1C4C0D1100B107D5 /* Build configuration list for PBXProject "TimeToLeave" */ = {
			isa = XCConfigurationList;
			buildConfigurations = (
				DA9B9ECD1C4C0D1100B107D5 /* Debug */,
				DA9B9ECE1C4C0D1100B107D5 /* Release */,
			);
			defaultConfigurationIsVisible = 0;
			defaultConfigurationName = Release;
		};
		DA9B9ECF1C4C0D1100B107D5 /* Build configuration list for PBXNativeTarget "TimeToLeave" */ = {
			isa = XCConfigurationList;
			buildConfigurations = (
				DA9B9ED01C4C0D1100B107D5 /* Debug */,
				DA9B9ED11C4C0D1100B107D5 /* Release */,
			);
			defaultConfigurationIsVisible = 0;
			defaultConfigurationName = Release;
		};
		DA9B9ED21C4C0D1100B107D5 /* Build configuration list for PBXNativeTarget "TimeToLeaveTests" */ = {
			isa = XCConfigurationList;
			buildConfigurations = (
				DA9B9ED31C4C0D1100B107D5 /* Debug */,
				DA9B9ED41C4C0D1100B107D5 /* Release */,
			);
			defaultConfigurationIsVisible = 0;
			defaultConfigurationName = Release;
		};
/* End XCConfigurationList section */
	};
	rootObject = DA9B9EAA1C4C0D1100B107D5 /* Project object */;
}
